// !$*UTF8*$!
{
	archiveVersion = 1;
	classes = {
	};
	objectVersion = 54;
	objects = {

/* Begin PBXBuildFile section */
		300446EF26935ABE00AC0F86 /* ReleaseViewController.swift in Sources */ = {isa = PBXBuildFile; fileRef = 300446EE26935ABE00AC0F86 /* ReleaseViewController.swift */; };
		300446F226935DD300AC0F86 /* MarkdownView in Frameworks */ = {isa = PBXBuildFile; productRef = 300446F126935DD300AC0F86 /* MarkdownView */; };
		300446F6269361FC00AC0F86 /* keys.json in Resources */ = {isa = PBXBuildFile; fileRef = 300446F5269361FC00AC0F86 /* keys.json */; };
		300446F8269369ED00AC0F86 /* SettingsViewController.swift in Sources */ = {isa = PBXBuildFile; fileRef = 300446F7269369ED00AC0F86 /* SettingsViewController.swift */; };
		300446FA26936A0300AC0F86 /* AcknowledgmentsViewController.swift in Sources */ = {isa = PBXBuildFile; fileRef = 300446F926936A0300AC0F86 /* AcknowledgmentsViewController.swift */; };
		30084A3A2689133500939234 /* Nuke in Frameworks */ = {isa = PBXBuildFile; productRef = 30084A392689133500939234 /* Nuke */; };
		30084A3D2689136D00939234 /* SPIndicator in Frameworks */ = {isa = PBXBuildFile; productRef = 30084A3C2689136D00939234 /* SPIndicator */; };
		305E4735267FD32F00F7DB26 /* AppDelegate.swift in Sources */ = {isa = PBXBuildFile; fileRef = 305E4734267FD32F00F7DB26 /* AppDelegate.swift */; };
		305E4737267FD32F00F7DB26 /* SceneDelegate.swift in Sources */ = {isa = PBXBuildFile; fileRef = 305E4736267FD32F00F7DB26 /* SceneDelegate.swift */; };
		305E473C267FD32F00F7DB26 /* Main.storyboard in Resources */ = {isa = PBXBuildFile; fileRef = 305E473A267FD32F00F7DB26 /* Main.storyboard */; };
		305E473E267FD33100F7DB26 /* Assets.xcassets in Resources */ = {isa = PBXBuildFile; fileRef = 305E473D267FD33100F7DB26 /* Assets.xcassets */; };
		305E4741267FD33100F7DB26 /* LaunchScreen.storyboard in Resources */ = {isa = PBXBuildFile; fileRef = 305E473F267FD33100F7DB26 /* LaunchScreen.storyboard */; };
		305E4749267FD39700F7DB26 /* API.swift in Sources */ = {isa = PBXBuildFile; fileRef = 305E4748267FD39700F7DB26 /* API.swift */; };
		305E474C267FE50600F7DB26 /* User.swift in Sources */ = {isa = PBXBuildFile; fileRef = 305E474B267FE50600F7DB26 /* User.swift */; };
		305E474F267FE68700F7DB26 /* Event.swift in Sources */ = {isa = PBXBuildFile; fileRef = 305E474E267FE68700F7DB26 /* Event.swift */; };
		305E4751267FEA8500F7DB26 /* LoginViewController.swift in Sources */ = {isa = PBXBuildFile; fileRef = 305E4750267FEA8500F7DB26 /* LoginViewController.swift */; };
		305E4753267FEE3B00F7DB26 /* FeedViewController.swift in Sources */ = {isa = PBXBuildFile; fileRef = 305E4752267FEE3B00F7DB26 /* FeedViewController.swift */; };
		305E4755267FF1A000F7DB26 /* EventTableViewCell.swift in Sources */ = {isa = PBXBuildFile; fileRef = 305E4754267FF1A000F7DB26 /* EventTableViewCell.swift */; };
		305E475D267FF57A00F7DB26 /* Extensions.swift in Sources */ = {isa = PBXBuildFile; fileRef = 305E475C267FF57A00F7DB26 /* Extensions.swift */; };
		305E475F267FF64E00F7DB26 /* Repository.swift in Sources */ = {isa = PBXBuildFile; fileRef = 305E475E267FF64E00F7DB26 /* Repository.swift */; };
		305E47612680375200F7DB26 /* ImageBarButton.swift in Sources */ = {isa = PBXBuildFile; fileRef = 305E47602680375200F7DB26 /* ImageBarButton.swift */; };
		305E476326804A1600F7DB26 /* Color.swift in Sources */ = {isa = PBXBuildFile; fileRef = 305E476226804A1600F7DB26 /* Color.swift */; };
/* End PBXBuildFile section */

/* Begin PBXFileReference section */
		300446EE26935ABE00AC0F86 /* ReleaseViewController.swift */ = {isa = PBXFileReference; lastKnownFileType = sourcecode.swift; path = ReleaseViewController.swift; sourceTree = "<group>"; };
		300446F5269361FC00AC0F86 /* keys.json */ = {isa = PBXFileReference; fileEncoding = 4; lastKnownFileType = text.json; path = keys.json; sourceTree = "<group>"; };
		300446F7269369ED00AC0F86 /* SettingsViewController.swift */ = {isa = PBXFileReference; lastKnownFileType = sourcecode.swift; path = SettingsViewController.swift; sourceTree = "<group>"; };
		300446F926936A0300AC0F86 /* AcknowledgmentsViewController.swift */ = {isa = PBXFileReference; lastKnownFileType = sourcecode.swift; path = AcknowledgmentsViewController.swift; sourceTree = "<group>"; };
		305E4731267FD32F00F7DB26 /* Feeder.app */ = {isa = PBXFileReference; explicitFileType = wrapper.application; includeInIndex = 0; path = Feeder.app; sourceTree = BUILT_PRODUCTS_DIR; };
		305E4734267FD32F00F7DB26 /* AppDelegate.swift */ = {isa = PBXFileReference; lastKnownFileType = sourcecode.swift; path = AppDelegate.swift; sourceTree = "<group>"; };
		305E4736267FD32F00F7DB26 /* SceneDelegate.swift */ = {isa = PBXFileReference; lastKnownFileType = sourcecode.swift; path = SceneDelegate.swift; sourceTree = "<group>"; };
		305E473B267FD32F00F7DB26 /* Base */ = {isa = PBXFileReference; lastKnownFileType = file.storyboard; name = Base; path = Base.lproj/Main.storyboard; sourceTree = "<group>"; };
		305E473D267FD33100F7DB26 /* Assets.xcassets */ = {isa = PBXFileReference; lastKnownFileType = folder.assetcatalog; path = Assets.xcassets; sourceTree = "<group>"; };
		305E4740267FD33100F7DB26 /* Base */ = {isa = PBXFileReference; lastKnownFileType = file.storyboard; name = Base; path = Base.lproj/LaunchScreen.storyboard; sourceTree = "<group>"; };
		305E4742267FD33100F7DB26 /* Info.plist */ = {isa = PBXFileReference; lastKnownFileType = text.plist.xml; path = Info.plist; sourceTree = "<group>"; };
		305E4748267FD39700F7DB26 /* API.swift */ = {isa = PBXFileReference; lastKnownFileType = sourcecode.swift; path = API.swift; sourceTree = "<group>"; };
		305E474B267FE50600F7DB26 /* User.swift */ = {isa = PBXFileReference; lastKnownFileType = sourcecode.swift; path = User.swift; sourceTree = "<group>"; };
		305E474E267FE68700F7DB26 /* Event.swift */ = {isa = PBXFileReference; lastKnownFileType = sourcecode.swift; path = Event.swift; sourceTree = "<group>"; };
		305E4750267FEA8500F7DB26 /* LoginViewController.swift */ = {isa = PBXFileReference; lastKnownFileType = sourcecode.swift; path = LoginViewController.swift; sourceTree = "<group>"; };
		305E4752267FEE3B00F7DB26 /* FeedViewController.swift */ = {isa = PBXFileReference; lastKnownFileType = sourcecode.swift; path = FeedViewController.swift; sourceTree = "<group>"; };
		305E4754267FF1A000F7DB26 /* EventTableViewCell.swift */ = {isa = PBXFileReference; lastKnownFileType = sourcecode.swift; path = EventTableViewCell.swift; sourceTree = "<group>"; };
		305E475C267FF57A00F7DB26 /* Extensions.swift */ = {isa = PBXFileReference; lastKnownFileType = sourcecode.swift; path = Extensions.swift; sourceTree = "<group>"; };
		305E475E267FF64E00F7DB26 /* Repository.swift */ = {isa = PBXFileReference; lastKnownFileType = sourcecode.swift; path = Repository.swift; sourceTree = "<group>"; };
		305E47602680375200F7DB26 /* ImageBarButton.swift */ = {isa = PBXFileReference; lastKnownFileType = sourcecode.swift; path = ImageBarButton.swift; sourceTree = "<group>"; };
		305E476226804A1600F7DB26 /* Color.swift */ = {isa = PBXFileReference; lastKnownFileType = sourcecode.swift; path = Color.swift; sourceTree = "<group>"; };
/* End PBXFileReference section */

/* Begin PBXFrameworksBuildPhase section */
		305E472E267FD32F00F7DB26 /* Frameworks */ = {
			isa = PBXFrameworksBuildPhase;
			buildActionMask = 2147483647;
			files = (
				30084A3A2689133500939234 /* Nuke in Frameworks */,
				30084A3D2689136D00939234 /* SPIndicator in Frameworks */,
				300446F226935DD300AC0F86 /* MarkdownView in Frameworks */,
			);
			runOnlyForDeploymentPostprocessing = 0;
		};
/* End PBXFrameworksBuildPhase section */

/* Begin PBXGroup section */
		300446F326935FC900AC0F86 /* Views */ = {
			isa = PBXGroup;
			children = (
				305E47602680375200F7DB26 /* ImageBarButton.swift */,
				305E4754267FF1A000F7DB26 /* EventTableViewCell.swift */,
			);
			path = Views;
			sourceTree = "<group>";
		};
		300446F426935FD300AC0F86 /* Utils */ = {
			isa = PBXGroup;
			children = (
				300446F5269361FC00AC0F86 /* keys.json */,
				305E475C267FF57A00F7DB26 /* Extensions.swift */,
			);
			path = Utils;
			sourceTree = "<group>";
		};
		305E4728267FD32F00F7DB26 = {
			isa = PBXGroup;
			children = (
				305E4733267FD32F00F7DB26 /* Feeder */,
				305E4732267FD32F00F7DB26 /* Products */,
			);
			sourceTree = "<group>";
		};
		305E4732267FD32F00F7DB26 /* Products */ = {
			isa = PBXGroup;
			children = (
				305E4731267FD32F00F7DB26 /* Feeder.app */,
			);
			name = Products;
			sourceTree = "<group>";
		};
		305E4733267FD32F00F7DB26 /* Feeder */ = {
			isa = PBXGroup;
			children = (
				305E4734267FD32F00F7DB26 /* AppDelegate.swift */,
				300446F426935FD300AC0F86 /* Utils */,
				305E4736267FD32F00F7DB26 /* SceneDelegate.swift */,
				305E4750267FEA8500F7DB26 /* LoginViewController.swift */,
				305E4752267FEE3B00F7DB26 /* FeedViewController.swift */,
				300446EE26935ABE00AC0F86 /* ReleaseViewController.swift */,
				300446F7269369ED00AC0F86 /* SettingsViewController.swift */,
				300446F926936A0300AC0F86 /* AcknowledgmentsViewController.swift */,
				300446F326935FC900AC0F86 /* Views */,
				305E474A267FD3A400F7DB26 /* GithubCore */,
				305E473A267FD32F00F7DB26 /* Main.storyboard */,
				305E473D267FD33100F7DB26 /* Assets.xcassets */,
				305E473F267FD33100F7DB26 /* LaunchScreen.storyboard */,
				305E4742267FD33100F7DB26 /* Info.plist */,
			);
			path = Feeder;
			sourceTree = "<group>";
		};
		305E474A267FD3A400F7DB26 /* GithubCore */ = {
			isa = PBXGroup;
			children = (
				305E4748267FD39700F7DB26 /* API.swift */,
				305E474D267FE51600F7DB26 /* Models */,
			);
			path = GithubCore;
			sourceTree = "<group>";
		};
		305E474D267FE51600F7DB26 /* Models */ = {
			isa = PBXGroup;
			children = (
				305E474B267FE50600F7DB26 /* User.swift */,
				305E476226804A1600F7DB26 /* Color.swift */,
				305E474E267FE68700F7DB26 /* Event.swift */,
				305E475E267FF64E00F7DB26 /* Repository.swift */,
			);
			path = Models;
			sourceTree = "<group>";
		};
/* End PBXGroup section */

/* Begin PBXNativeTarget section */
		305E4730267FD32F00F7DB26 /* Feeder */ = {
			isa = PBXNativeTarget;
			buildConfigurationList = 305E4745267FD33100F7DB26 /* Build configuration list for PBXNativeTarget "Feeder" */;
			buildPhases = (
				305E472D267FD32F00F7DB26 /* Sources */,
				305E472E267FD32F00F7DB26 /* Frameworks */,
				305E472F267FD32F00F7DB26 /* Resources */,
			);
			buildRules = (
			);
			dependencies = (
			);
			name = Feeder;
			packageProductDependencies = (
				30084A392689133500939234 /* Nuke */,
				30084A3C2689136D00939234 /* SPIndicator */,
				300446F126935DD300AC0F86 /* MarkdownView */,
			);
			productName = Feeder;
			productReference = 305E4731267FD32F00F7DB26 /* Feeder.app */;
			productType = "com.apple.product-type.application";
		};
/* End PBXNativeTarget section */

/* Begin PBXProject section */
		305E4729267FD32F00F7DB26 /* Project object */ = {
			isa = PBXProject;
			attributes = {
				BuildIndependentTargetsInParallel = 1;
				LastSwiftUpdateCheck = 1300;
				LastUpgradeCheck = 1300;
				TargetAttributes = {
					305E4730267FD32F00F7DB26 = {
						CreatedOnToolsVersion = 13.0;
					};
				};
			};
			buildConfigurationList = 305E472C267FD32F00F7DB26 /* Build configuration list for PBXProject "Feeder" */;
			compatibilityVersion = "Xcode 12.0";
			developmentRegion = en;
			hasScannedForEncodings = 0;
			knownRegions = (
				en,
				Base,
			);
			mainGroup = 305E4728267FD32F00F7DB26;
			packageReferences = (
				30084A382689133500939234 /* XCRemoteSwiftPackageReference "Nuke" */,
				30084A3B2689136D00939234 /* XCRemoteSwiftPackageReference "SPIndicator" */,
				300446F026935DD300AC0F86 /* XCRemoteSwiftPackageReference "MarkdownView" */,
			);
			productRefGroup = 305E4732267FD32F00F7DB26 /* Products */;
			projectDirPath = "";
			projectRoot = "";
			targets = (
				305E4730267FD32F00F7DB26 /* Feeder */,
			);
		};
/* End PBXProject section */

/* Begin PBXResourcesBuildPhase section */
		305E472F267FD32F00F7DB26 /* Resources */ = {
			isa = PBXResourcesBuildPhase;
			buildActionMask = 2147483647;
			files = (
				305E4741267FD33100F7DB26 /* LaunchScreen.storyboard in Resources */,
				300446F6269361FC00AC0F86 /* keys.json in Resources */,
				305E473E267FD33100F7DB26 /* Assets.xcassets in Resources */,
				305E473C267FD32F00F7DB26 /* Main.storyboard in Resources */,
			);
			runOnlyForDeploymentPostprocessing = 0;
		};
/* End PBXResourcesBuildPhase section */

/* Begin PBXSourcesBuildPhase section */
		305E472D267FD32F00F7DB26 /* Sources */ = {
			isa = PBXSourcesBuildPhase;
			buildActionMask = 2147483647;
			files = (
				305E4755267FF1A000F7DB26 /* EventTableViewCell.swift in Sources */,
				305E4751267FEA8500F7DB26 /* LoginViewController.swift in Sources */,
				305E474C267FE50600F7DB26 /* User.swift in Sources */,
				305E4749267FD39700F7DB26 /* API.swift in Sources */,
				305E475F267FF64E00F7DB26 /* Repository.swift in Sources */,
				305E476326804A1600F7DB26 /* Color.swift in Sources */,
				305E475D267FF57A00F7DB26 /* Extensions.swift in Sources */,
				300446FA26936A0300AC0F86 /* AcknowledgmentsViewController.swift in Sources */,
				300446EF26935ABE00AC0F86 /* ReleaseViewController.swift in Sources */,
				305E4735267FD32F00F7DB26 /* AppDelegate.swift in Sources */,
				300446F8269369ED00AC0F86 /* SettingsViewController.swift in Sources */,
				305E474F267FE68700F7DB26 /* Event.swift in Sources */,
				305E4753267FEE3B00F7DB26 /* FeedViewController.swift in Sources */,
				305E4737267FD32F00F7DB26 /* SceneDelegate.swift in Sources */,
				305E47612680375200F7DB26 /* ImageBarButton.swift in Sources */,
			);
			runOnlyForDeploymentPostprocessing = 0;
		};
/* End PBXSourcesBuildPhase section */

/* Begin PBXVariantGroup section */
		305E473A267FD32F00F7DB26 /* Main.storyboard */ = {
			isa = PBXVariantGroup;
			children = (
				305E473B267FD32F00F7DB26 /* Base */,
			);
			name = Main.storyboard;
			sourceTree = "<group>";
		};
		305E473F267FD33100F7DB26 /* LaunchScreen.storyboard */ = {
			isa = PBXVariantGroup;
			children = (
				305E4740267FD33100F7DB26 /* Base */,
			);
			name = LaunchScreen.storyboard;
			sourceTree = "<group>";
		};
/* End PBXVariantGroup section */

/* Begin XCBuildConfiguration section */
		305E4743267FD33100F7DB26 /* Debug */ = {
			isa = XCBuildConfiguration;
			buildSettings = {
				ALWAYS_SEARCH_USER_PATHS = NO;
				CLANG_ANALYZER_NONNULL = YES;
				CLANG_ANALYZER_NUMBER_OBJECT_CONVERSION = YES_AGGRESSIVE;
				CLANG_CXX_LANGUAGE_STANDARD = "gnu++14";
				CLANG_CXX_LIBRARY = "libc++";
				CLANG_ENABLE_MODULES = YES;
				CLANG_ENABLE_OBJC_ARC = YES;
				CLANG_ENABLE_OBJC_WEAK = YES;
				CLANG_WARN_BLOCK_CAPTURE_AUTORELEASING = YES;
				CLANG_WARN_BOOL_CONVERSION = YES;
				CLANG_WARN_COMMA = YES;
				CLANG_WARN_CONSTANT_CONVERSION = YES;
				CLANG_WARN_DEPRECATED_OBJC_IMPLEMENTATIONS = YES;
				CLANG_WARN_DIRECT_OBJC_ISA_USAGE = YES_ERROR;
				CLANG_WARN_DOCUMENTATION_COMMENTS = YES;
				CLANG_WARN_EMPTY_BODY = YES;
				CLANG_WARN_ENUM_CONVERSION = YES;
				CLANG_WARN_INFINITE_RECURSION = YES;
				CLANG_WARN_INT_CONVERSION = YES;
				CLANG_WARN_NON_LITERAL_NULL_CONVERSION = YES;
				CLANG_WARN_OBJC_IMPLICIT_RETAIN_SELF = YES;
				CLANG_WARN_OBJC_LITERAL_CONVERSION = YES;
				CLANG_WARN_OBJC_ROOT_CLASS = YES_ERROR;
				CLANG_WARN_QUOTED_INCLUDE_IN_FRAMEWORK_HEADER = YES;
				CLANG_WARN_RANGE_LOOP_ANALYSIS = YES;
				CLANG_WARN_STRICT_PROTOTYPES = YES;
				CLANG_WARN_SUSPICIOUS_MOVE = YES;
				CLANG_WARN_UNGUARDED_AVAILABILITY = YES_AGGRESSIVE;
				CLANG_WARN_UNREACHABLE_CODE = YES;
				CLANG_WARN__DUPLICATE_METHOD_MATCH = YES;
				COPY_PHASE_STRIP = NO;
				DEBUG_INFORMATION_FORMAT = dwarf;
				ENABLE_STRICT_OBJC_MSGSEND = YES;
				ENABLE_TESTABILITY = YES;
				GCC_C_LANGUAGE_STANDARD = gnu11;
				GCC_DYNAMIC_NO_PIC = NO;
				GCC_NO_COMMON_BLOCKS = YES;
				GCC_OPTIMIZATION_LEVEL = 0;
				GCC_PREPROCESSOR_DEFINITIONS = (
					"DEBUG=1",
					"$(inherited)",
				);
				GCC_WARN_64_TO_32_BIT_CONVERSION = YES;
				GCC_WARN_ABOUT_RETURN_TYPE = YES_ERROR;
				GCC_WARN_UNDECLARED_SELECTOR = YES;
				GCC_WARN_UNINITIALIZED_AUTOS = YES_AGGRESSIVE;
				GCC_WARN_UNUSED_FUNCTION = YES;
				GCC_WARN_UNUSED_VARIABLE = YES;
				IPHONEOS_DEPLOYMENT_TARGET = 15.0;
				MTL_ENABLE_DEBUG_INFO = INCLUDE_SOURCE;
				MTL_FAST_MATH = YES;
				ONLY_ACTIVE_ARCH = YES;
				SDKROOT = iphoneos;
				SWIFT_ACTIVE_COMPILATION_CONDITIONS = DEBUG;
				SWIFT_OPTIMIZATION_LEVEL = "-Onone";
			};
			name = Debug;
		};
		305E4744267FD33100F7DB26 /* Release */ = {
			isa = XCBuildConfiguration;
			buildSettings = {
				ALWAYS_SEARCH_USER_PATHS = NO;
				CLANG_ANALYZER_NONNULL = YES;
				CLANG_ANALYZER_NUMBER_OBJECT_CONVERSION = YES_AGGRESSIVE;
				CLANG_CXX_LANGUAGE_STANDARD = "gnu++14";
				CLANG_CXX_LIBRARY = "libc++";
				CLANG_ENABLE_MODULES = YES;
				CLANG_ENABLE_OBJC_ARC = YES;
				CLANG_ENABLE_OBJC_WEAK = YES;
				CLANG_WARN_BLOCK_CAPTURE_AUTORELEASING = YES;
				CLANG_WARN_BOOL_CONVERSION = YES;
				CLANG_WARN_COMMA = YES;
				CLANG_WARN_CONSTANT_CONVERSION = YES;
				CLANG_WARN_DEPRECATED_OBJC_IMPLEMENTATIONS = YES;
				CLANG_WARN_DIRECT_OBJC_ISA_USAGE = YES_ERROR;
				CLANG_WARN_DOCUMENTATION_COMMENTS = YES;
				CLANG_WARN_EMPTY_BODY = YES;
				CLANG_WARN_ENUM_CONVERSION = YES;
				CLANG_WARN_INFINITE_RECURSION = YES;
				CLANG_WARN_INT_CONVERSION = YES;
				CLANG_WARN_NON_LITERAL_NULL_CONVERSION = YES;
				CLANG_WARN_OBJC_IMPLICIT_RETAIN_SELF = YES;
				CLANG_WARN_OBJC_LITERAL_CONVERSION = YES;
				CLANG_WARN_OBJC_ROOT_CLASS = YES_ERROR;
				CLANG_WARN_QUOTED_INCLUDE_IN_FRAMEWORK_HEADER = YES;
				CLANG_WARN_RANGE_LOOP_ANALYSIS = YES;
				CLANG_WARN_STRICT_PROTOTYPES = YES;
				CLANG_WARN_SUSPICIOUS_MOVE = YES;
				CLANG_WARN_UNGUARDED_AVAILABILITY = YES_AGGRESSIVE;
				CLANG_WARN_UNREACHABLE_CODE = YES;
				CLANG_WARN__DUPLICATE_METHOD_MATCH = YES;
				COPY_PHASE_STRIP = NO;
				DEBUG_INFORMATION_FORMAT = "dwarf-with-dsym";
				ENABLE_NS_ASSERTIONS = NO;
				ENABLE_STRICT_OBJC_MSGSEND = YES;
				GCC_C_LANGUAGE_STANDARD = gnu11;
				GCC_NO_COMMON_BLOCKS = YES;
				GCC_WARN_64_TO_32_BIT_CONVERSION = YES;
				GCC_WARN_ABOUT_RETURN_TYPE = YES_ERROR;
				GCC_WARN_UNDECLARED_SELECTOR = YES;
				GCC_WARN_UNINITIALIZED_AUTOS = YES_AGGRESSIVE;
				GCC_WARN_UNUSED_FUNCTION = YES;
				GCC_WARN_UNUSED_VARIABLE = YES;
				IPHONEOS_DEPLOYMENT_TARGET = 15.0;
				MTL_ENABLE_DEBUG_INFO = NO;
				MTL_FAST_MATH = YES;
				SDKROOT = iphoneos;
				SWIFT_COMPILATION_MODE = wholemodule;
				SWIFT_OPTIMIZATION_LEVEL = "-O";
				VALIDATE_PRODUCT = YES;
			};
			name = Release;
		};
		305E4746267FD33100F7DB26 /* Debug */ = {
			isa = XCBuildConfiguration;
			buildSettings = {
				ASSETCATALOG_COMPILER_APPICON_NAME = AppIcon;
				ASSETCATALOG_COMPILER_GLOBAL_ACCENT_COLOR_NAME = AccentColor;
				CODE_SIGN_STYLE = Automatic;
				CURRENT_PROJECT_VERSION = 1;
				DEVELOPMENT_TEAM = 2J3WW2KWBU;
				GENERATE_INFOPLIST_FILE = YES;
				INFOPLIST_FILE = Feeder/Info.plist;
				INFOPLIST_KEY_CFBundleExecutable = Feeder;
				INFOPLIST_KEY_CFBundleName = Feeder;
				INFOPLIST_KEY_CFBundleVersion = 1;
				INFOPLIST_KEY_UIApplicationSupportsIndirectInputEvents = YES;
				INFOPLIST_KEY_UILaunchStoryboardName = LaunchScreen;
				INFOPLIST_KEY_UIMainStoryboardFile = Main;
				INFOPLIST_KEY_UISupportedInterfaceOrientations_iPad = "UIInterfaceOrientationPortrait UIInterfaceOrientationPortraitUpsideDown UIInterfaceOrientationLandscapeLeft UIInterfaceOrientationLandscapeRight";
				INFOPLIST_KEY_UISupportedInterfaceOrientations_iPhone = "UIInterfaceOrientationPortrait UIInterfaceOrientationLandscapeLeft UIInterfaceOrientationLandscapeRight";
				IPHONEOS_DEPLOYMENT_TARGET = 14.1;
				LD_RUNPATH_SEARCH_PATHS = (
					"$(inherited)",
					"@executable_path/Frameworks",
				);
				MARKETING_VERSION = 1.0;
				PRODUCT_BUNDLE_IDENTIFIER = com.aritropaul.Feeder;
				PRODUCT_NAME = "$(TARGET_NAME)";
				SWIFT_EMIT_LOC_STRINGS = YES;
				SWIFT_VERSION = 5.0;
				TARGETED_DEVICE_FAMILY = 1;
			};
			name = Debug;
		};
		305E4747267FD33100F7DB26 /* Release */ = {
			isa = XCBuildConfiguration;
			buildSettings = {
				ASSETCATALOG_COMPILER_APPICON_NAME = AppIcon;
				ASSETCATALOG_COMPILER_GLOBAL_ACCENT_COLOR_NAME = AccentColor;
				CODE_SIGN_STYLE = Automatic;
				CURRENT_PROJECT_VERSION = 1;
				DEVELOPMENT_TEAM = 2J3WW2KWBU;
				GENERATE_INFOPLIST_FILE = YES;
				INFOPLIST_FILE = Feeder/Info.plist;
				INFOPLIST_KEY_CFBundleExecutable = Feeder;
				INFOPLIST_KEY_CFBundleName = Feeder;
				INFOPLIST_KEY_CFBundleVersion = 1;
				INFOPLIST_KEY_UIApplicationSupportsIndirectInputEvents = YES;
				INFOPLIST_KEY_UILaunchStoryboardName = LaunchScreen;
				INFOPLIST_KEY_UIMainStoryboardFile = Main;
				INFOPLIST_KEY_UISupportedInterfaceOrientations_iPad = "UIInterfaceOrientationPortrait UIInterfaceOrientationPortraitUpsideDown UIInterfaceOrientationLandscapeLeft UIInterfaceOrientationLandscapeRight";
				INFOPLIST_KEY_UISupportedInterfaceOrientations_iPhone = "UIInterfaceOrientationPortrait UIInterfaceOrientationLandscapeLeft UIInterfaceOrientationLandscapeRight";
				IPHONEOS_DEPLOYMENT_TARGET = 14.1;
				LD_RUNPATH_SEARCH_PATHS = (
					"$(inherited)",
					"@executable_path/Frameworks",
				);
				MARKETING_VERSION = 1.0;
				PRODUCT_BUNDLE_IDENTIFIER = com.aritropaul.Feeder;
				PRODUCT_NAME = "$(TARGET_NAME)";
				SWIFT_EMIT_LOC_STRINGS = YES;
				SWIFT_VERSION = 5.0;
				TARGETED_DEVICE_FAMILY = 1;
			};
			name = Release;
		};
/* End XCBuildConfiguration section */

/* Begin XCConfigurationList section */
		305E472C267FD32F00F7DB26 /* Build configuration list for PBXProject "Feeder" */ = {
			isa = XCConfigurationList;
			buildConfigurations = (
				305E4743267FD33100F7DB26 /* Debug */,
				305E4744267FD33100F7DB26 /* Release */,
			);
			defaultConfigurationIsVisible = 0;
			defaultConfigurationName = Release;
		};
		305E4745267FD33100F7DB26 /* Build configuration list for PBXNativeTarget "Feeder" */ = {
			isa = XCConfigurationList;
			buildConfigurations = (
				305E4746267FD33100F7DB26 /* Debug */,
				305E4747267FD33100F7DB26 /* Release */,
			);
			defaultConfigurationIsVisible = 0;
			defaultConfigurationName = Release;
		};
/* End XCConfigurationList section */

/* Begin XCRemoteSwiftPackageReference section */
		300446F026935DD300AC0F86 /* XCRemoteSwiftPackageReference "MarkdownView" */ = {
			isa = XCRemoteSwiftPackageReference;
			repositoryURL = "https://github.com/keitaoouchi/MarkdownView.git";
			requirement = {
				kind = upToNextMajorVersion;
				minimumVersion = 1.0.0;
			};
		};
		30084A382689133500939234 /* XCRemoteSwiftPackageReference "Nuke" */ = {
			isa = XCRemoteSwiftPackageReference;
			repositoryURL = "https://github.com/kean/Nuke.git";
			requirement = {
				kind = upToNextMajorVersion;
				minimumVersion = 9.0.0;
			};
		};
		30084A3B2689136D00939234 /* XCRemoteSwiftPackageReference "SPIndicator" */ = {
			isa = XCRemoteSwiftPackageReference;
			repositoryURL = "https://github.com/ivanvorobei/SPIndicator";
			requirement = {
				kind = upToNextMajorVersion;
				minimumVersion = 1.0.0;
			};
		};
/* End XCRemoteSwiftPackageReference section */

/* Begin XCSwiftPackageProductDependency section */
		300446F126935DD300AC0F86 /* MarkdownView */ = {
			isa = XCSwiftPackageProductDependency;
			package = 300446F026935DD300AC0F86 /* XCRemoteSwiftPackageReference "MarkdownView" */;
			productName = MarkdownView;
		};
		30084A392689133500939234 /* Nuke */ = {
			isa = XCSwiftPackageProductDependency;
			package = 30084A382689133500939234 /* XCRemoteSwiftPackageReference "Nuke" */;
			productName = Nuke;
		};
		30084A3C2689136D00939234 /* SPIndicator */ = {
			isa = XCSwiftPackageProductDependency;
			package = 30084A3B2689136D00939234 /* XCRemoteSwiftPackageReference "SPIndicator" */;
			productName = SPIndicator;
		};
/* End XCSwiftPackageProductDependency section */
	};
	rootObject = 305E4729267FD32F00F7DB26 /* Project object */;
}
